{
  "name": "tankgame",
  "version": "0.1.8",
  "lockfileVersion": 3,
  "requires": true,
  "packages": {
    "": {
      "name": "tankgame",
      "version": "0.1.8",
      "dependencies": {
        "howler": "^2.2.4"
      },
      "devDependencies": {
        "concurrently": "^9.1.0"
      }
    }
  }
}