{
  "name": "tankgame-client",
  "version": "0.1.8",
  "lockfileVersion": 3,
  "requires": true,
  "packages": {
    "": {
      "name": "tankgame-client",
      "version": "0.1.8",
      "dependencies": {
        "@testing-library/jest-dom": "^5.17.0",
        "@testing-library/react": "^13.4.0",
        "@testing-library/user-event": "^13.5.0",
        "axios": "^1.7.7",
        "howler": "^2.2.4",
        "react": "^18.3.1",
        "react-dom": "^18.3.1",
        "react-scripts": "^5.0.1",
        "web-vitals": "^2.1.4"
      },
      "devDependencies": {
        "electron": "^32.1.2"
      }
    }
  }
}